
Microsoft Visual Studio Solution File, Format Version 12.00
# Visual Studio Version 17
VisualStudioVersion = 17.0.32112.339
MinimumVisualStudioVersion = 10.0.40219.1
Project("{FAE04EC0-301F-11D3-BF4B-00C04F79EFBC}") = "Stack", "Stack.csproj", "{D41B04C2-353E-446D-9FB1-301A1F2E503A}"
EndProject
Global
	GlobalSection(SolutionConfigurationPlatforms) = preSolution
		Debug|Any CPU = Debug|Any CPU
		Release|Any CPU = Release|Any CPU
	EndGlobalSection
	GlobalSection(ProjectConfigurationPlatforms) = postSolution
		{D41B04C2-353E-446D-9FB1-301A1F2E503A}.Debug|Any CPU.ActiveCfg = Debug|Any CPU
		{D41B04C2-353E-446D-9FB1-301A1F2E503A}.Debug|Any CPU.Build.0 = Debug|Any CPU
		{D41B04C2-353E-446D-9FB1-301A1F2E503A}.Release|Any CPU.ActiveCfg = Release|Any CPU
		{D41B04C2-353E-446D-9FB1-301A1F2E503A}.Release|Any CPU.Build.0 = Release|Any CPU
	EndGlobalSection
	GlobalSection(SolutionProperties) = preSolution
		HideSolutionNode = FALSE
	EndGlobalSection
	GlobalSection(ExtensibilityGlobals) = postSolution
		SolutionGuid = {9DCFE286-8544-4B56-8556-49CBA06D8337}
	EndGlobalSection
EndGlobal
